
Microsoft Visual Studio Solution File, Format Version 12.00
# Visual Studio Version 17
VisualStudioVersion = 17.14.36327.8
MinimumVisualStudioVersion = 10.0.40219.1
Project("{FAE04EC0-301F-11D3-BF4B-00C04F79EFBC}") = "BankMore.Transferencia.Api", "BankMore.Transferencia.Api\BankMore.Transferencia.Api.csproj", "{DB34B8BA-9246-47D5-836F-2F9EC91DAB13}"
EndProject
Project("{FAE04EC0-301F-11D3-BF4B-00C04F79EFBC}") = "BankMore.Transferencia.Repositories", "BankMore.Transferencia.Repositories\BankMore.Transferencia.Repositories.csproj", "{52A0D059-38B3-4EAA-9294-C17A747EEC54}"
EndProject
Project("{FAE04EC0-301F-11D3-BF4B-00C04F79EFBC}") = "BankMore.Transferencia.Services", "BankMore.Transferencia.Services\BankMore.Transferencia.Services.csproj", "{C7955B7C-A0EB-40BE-A4C1-4FA230A8164C}"
EndProject
Project("{FAE04EC0-301F-11D3-BF4B-00C04F79EFBC}") = "BankMore.Transferencia.Tests", "BankMore.Transferencia.Tests\BankMore.Transferencia.Tests.csproj", "{5DBD6822-7B4F-4431-82E0-612B54CF61F3}"
EndProject
Project("{FAE04EC0-301F-11D3-BF4B-00C04F79EFBC}") = "BankMore.Transferencia.Models", "BankMore.Transferencia.Models\BankMore.Transferencia.Models.csproj", "{9CF09AC7-2971-427E-BAF6-7EF3F1FFDE88}"
EndProject
Global
	GlobalSection(SolutionConfigurationPlatforms) = preSolution
		Debug|Any CPU = Debug|Any CPU
		Release|Any CPU = Release|Any CPU
	EndGlobalSection
	GlobalSection(ProjectConfigurationPlatforms) = postSolution
		{DB34B8BA-9246-47D5-836F-2F9EC91DAB13}.Debug|Any CPU.ActiveCfg = Debug|Any CPU
		{DB34B8BA-9246-47D5-836F-2F9EC91DAB13}.Debug|Any CPU.Build.0 = Debug|Any CPU
		{DB34B8BA-9246-47D5-836F-2F9EC91DAB13}.Release|Any CPU.ActiveCfg = Release|Any CPU
		{DB34B8BA-9246-47D5-836F-2F9EC91DAB13}.Release|Any CPU.Build.0 = Release|Any CPU
		{52A0D059-38B3-4EAA-9294-C17A747EEC54}.Debug|Any CPU.ActiveCfg = Debug|Any CPU
		{52A0D059-38B3-4EAA-9294-C17A747EEC54}.Debug|Any CPU.Build.0 = Debug|Any CPU
		{52A0D059-38B3-4EAA-9294-C17A747EEC54}.Release|Any CPU.ActiveCfg = Release|Any CPU
		{52A0D059-38B3-4EAA-9294-C17A747EEC54}.Release|Any CPU.Build.0 = Release|Any CPU
		{C7955B7C-A0EB-40BE-A4C1-4FA230A8164C}.Debug|Any CPU.ActiveCfg = Debug|Any CPU
		{C7955B7C-A0EB-40BE-A4C1-4FA230A8164C}.Debug|Any CPU.Build.0 = Debug|Any CPU
		{C7955B7C-A0EB-40BE-A4C1-4FA230A8164C}.Release|Any CPU.ActiveCfg = Release|Any CPU
		{C7955B7C-A0EB-40BE-A4C1-4FA230A8164C}.Release|Any CPU.Build.0 = Release|Any CPU
		{5DBD6822-7B4F-4431-82E0-612B54CF61F3}.Debug|Any CPU.ActiveCfg = Debug|Any CPU
		{5DBD6822-7B4F-4431-82E0-612B54CF61F3}.Debug|Any CPU.Build.0 = Debug|Any CPU
		{5DBD6822-7B4F-4431-82E0-612B54CF61F3}.Release|Any CPU.ActiveCfg = Release|Any CPU
		{5DBD6822-7B4F-4431-82E0-612B54CF61F3}.Release|Any CPU.Build.0 = Release|Any CPU
		{9CF09AC7-2971-427E-BAF6-7EF3F1FFDE88}.Debug|Any CPU.ActiveCfg = Debug|Any CPU
		{9CF09AC7-2971-427E-BAF6-7EF3F1FFDE88}.Debug|Any CPU.Build.0 = Debug|Any CPU
		{9CF09AC7-2971-427E-BAF6-7EF3F1FFDE88}.Release|Any CPU.ActiveCfg = Release|Any CPU
		{9CF09AC7-2971-427E-BAF6-7EF3F1FFDE88}.Release|Any CPU.Build.0 = Release|Any CPU
	EndGlobalSection
	GlobalSection(SolutionProperties) = preSolution
		HideSolutionNode = FALSE
	EndGlobalSection
	GlobalSection(ExtensibilityGlobals) = postSolution
		SolutionGuid = {ACA2EBCE-24FC-4420-B653-6FDCB32B2595}
	EndGlobalSection
EndGlobal
